
Microsoft Visual Studio Solution File, Format Version 11.00
# Visual Studio 2010
Project("{FAE04EC0-301F-11D3-BF4B-00C04F79EFBC}") = "UnityEngine.TestRunner", "UnityEngine.TestRunner.csproj", "{26D255EC-565F-F1A1-3B1B-47D3FAB8F78E}"
EndProject
Project("{FAE04EC0-301F-11D3-BF4B-00C04F79EFBC}") = "Unity.2D.Animation.Triangle.Runtime", "Unity.2D.Animation.Triangle.Runtime.csproj", "{56326D65-D87B-3272-E569-93F30693E97C}"
EndProject
Project("{FAE04EC0-301F-11D3-BF4B-00C04F79EFBC}") = "Unity.InputSystem", "Unity.InputSystem.csproj", "{F2408455-2EEB-C065-54EC-10FDCA1A4F2A}"
EndProject
Project("{FAE04EC0-301F-11D3-BF4B-00C04F79EFBC}") = "Unity.TextMeshPro", "Unity.TextMeshPro.csproj", "{A0858F99-97A5-785F-9FF8-A8DCE599294D}"
EndProject
Project("{FAE04EC0-301F-11D3-BF4B-00C04F79EFBC}") = "Unity.2D.Animation.Runtime", "Unity.2D.Animation.Runtime.csproj", "{D914F9C9-117B-6F09-FDF8-6A030DE72974}"
EndProject
Project("{FAE04EC0-301F-11D3-BF4B-00C04F79EFBC}") = "Unity.Timeline", "Unity.Timeline.csproj", "{4AD0CDBF-025E-1A65-1E25-05F963EDBD90}"
EndProject
Project("{FAE04EC0-301F-11D3-BF4B-00C04F79EFBC}") = "Unity.Mathematics", "Unity.Mathematics.csproj", "{2588BF2E-585E-5CCB-6522-AD2368D005A9}"
EndProject
Project("{FAE04EC0-301F-11D3-BF4B-00C04F79EFBC}") = "Unity.2D.SpriteShape.Runtime", "Unity.2D.SpriteShape.Runtime.csproj", "{C6656C92-20CC-8B5E-11C8-AFEBB3E15DD4}"
EndProject
Project("{FAE04EC0-301F-11D3-BF4B-00C04F79EFBC}") = "Unity.2D.PixelPerfect", "Unity.2D.PixelPerfect.csproj", "{DC745186-2803-46C0-DAD2-346E8BD8A976}"
EndProject
Project("{FAE04EC0-301F-11D3-BF4B-00C04F79EFBC}") = "Unity.InternalAPIEngineBridge.001", "Unity.InternalAPIEngineBridge.001.csproj", "{4E69907D-C5F4-8250-0C58-2BD90997DCE4}"
EndProject
Project("{FAE04EC0-301F-11D3-BF4B-00C04F79EFBC}") = "Assembly-CSharp", "Assembly-CSharp.csproj", "{229D7A59-B234-9633-4F5B-4F0315E8FB78}"
EndProject
Project("{FAE04EC0-301F-11D3-BF4B-00C04F79EFBC}") = "Unity.2D.Common.Runtime", "Unity.2D.Common.Runtime.csproj", "{863EC644-9327-9142-11EC-EFDC77CE5E0B}"
EndProject
Project("{FAE04EC0-301F-11D3-BF4B-00C04F79EFBC}") = "UnityEditor.TestRunner", "UnityEditor.TestRunner.csproj", "{187660C6-D12A-0BC8-1929-3C23F03349EC}"
EndProject
Project("{FAE04EC0-301F-11D3-BF4B-00C04F79EFBC}") = "Unity.TextMeshPro.Editor", "Unity.TextMeshPro.Editor.csproj", "{FB77A5EE-7846-BB31-2D74-EDC8BE840DEB}"
EndProject
Project("{FAE04EC0-301F-11D3-BF4B-00C04F79EFBC}") = "Unity.Timeline.Editor", "Unity.Timeline.Editor.csproj", "{587E932A-6515-17F9-28D2-350CECA89B94}"
EndProject
Project("{FAE04EC0-301F-11D3-BF4B-00C04F79EFBC}") = "Unity.2D.Animation.Editor", "Unity.2D.Animation.Editor.csproj", "{D6525FE2-E97D-8671-9288-5D9F0513B381}"
EndProject
Project("{FAE04EC0-301F-11D3-BF4B-00C04F79EFBC}") = "Unity.2D.Path.Editor", "Unity.2D.Path.Editor.csproj", "{62BBD63E-5014-B518-7512-3D25FFDE1CE5}"
EndProject
Project("{FAE04EC0-301F-11D3-BF4B-00C04F79EFBC}") = "Unity.Rider.Editor", "Unity.Rider.Editor.csproj", "{AB557609-BF8F-1258-5C9F-92564BA9F8B7}"
EndProject
Project("{FAE04EC0-301F-11D3-BF4B-00C04F79EFBC}") = "Unity.2D.SpriteShape.Editor", "Unity.2D.SpriteShape.Editor.csproj", "{06A32524-8CAA-5B1B-7FCD-0D15930D90AD}"
EndProject
Project("{FAE04EC0-301F-11D3-BF4B-00C04F79EFBC}") = "PsdPlugin", "PsdPlugin.csproj", "{D5BBA8F1-CB1D-B845-8FE8-E9DB8972A23C}"
EndProject
Project("{FAE04EC0-301F-11D3-BF4B-00C04F79EFBC}") = "Unity.CollabProxy.Editor", "Unity.CollabProxy.Editor.csproj", "{7213A811-CA85-F5D6-FD3F-1A7D007160C4}"
EndProject
Project("{FAE04EC0-301F-11D3-BF4B-00C04F79EFBC}") = "Unity.2D.Common.Editor", "Unity.2D.Common.Editor.csproj", "{DAEB0586-BC4C-E86F-41F4-DFC4B333DA8A}"
EndProject
Project("{FAE04EC0-301F-11D3-BF4B-00C04F79EFBC}") = "Unity.VSCode.Editor", "Unity.VSCode.Editor.csproj", "{3709F65C-6FC7-61A5-72C2-853AC5483B87}"
EndProject
Project("{FAE04EC0-301F-11D3-BF4B-00C04F79EFBC}") = "Unity.2D.Psdimporter.Editor", "Unity.2D.Psdimporter.Editor.csproj", "{79E7636A-C84C-FD88-F517-C7E6C63DA204}"
EndProject
Project("{FAE04EC0-301F-11D3-BF4B-00C04F79EFBC}") = "Unity.2D.PixelPerfect.Editor", "Unity.2D.PixelPerfect.Editor.csproj", "{C138EA46-5FE6-957C-62F2-525D2F12E6B8}"
EndProject
Project("{FAE04EC0-301F-11D3-BF4B-00C04F79EFBC}") = "Unity.Mathematics.Editor", "Unity.Mathematics.Editor.csproj", "{F0347FEA-D57A-E9AE-0AE8-E766AF084C2E}"
EndProject
Project("{FAE04EC0-301F-11D3-BF4B-00C04F79EFBC}") = "Unity.InternalAPIEditorBridge.001", "Unity.InternalAPIEditorBridge.001.csproj", "{3C14D5F9-73D3-9336-73E8-022B739B14E7}"
EndProject
Global
	GlobalSection(SolutionConfigurationPlatforms) = preSolution
		Debug|Any CPU = Debug|Any CPU
		Release|Any CPU = Release|Any CPU
	EndGlobalSection
	GlobalSection(ProjectConfigurationPlatforms) = postSolution
		{26D255EC-565F-F1A1-3B1B-47D3FAB8F78E}.Debug|Any CPU.ActiveCfg = Debug|Any CPU
		{26D255EC-565F-F1A1-3B1B-47D3FAB8F78E}.Debug|Any CPU.Build.0 = Debug|Any CPU
		{26D255EC-565F-F1A1-3B1B-47D3FAB8F78E}.Release|Any CPU.ActiveCfg = Release|Any CPU
		{26D255EC-565F-F1A1-3B1B-47D3FAB8F78E}.Release|Any CPU.Build.0 = Release|Any CPU
		{56326D65-D87B-3272-E569-93F30693E97C}.Debug|Any CPU.ActiveCfg = Debug|Any CPU
		{56326D65-D87B-3272-E569-93F30693E97C}.Debug|Any CPU.Build.0 = Debug|Any CPU
		{56326D65-D87B-3272-E569-93F30693E97C}.Release|Any CPU.ActiveCfg = Release|Any CPU
		{56326D65-D87B-3272-E569-93F30693E97C}.Release|Any CPU.Build.0 = Release|Any CPU
		{F2408455-2EEB-C065-54EC-10FDCA1A4F2A}.Debug|Any CPU.ActiveCfg = Debug|Any CPU
		{F2408455-2EEB-C065-54EC-10FDCA1A4F2A}.Debug|Any CPU.Build.0 = Debug|Any CPU
		{F2408455-2EEB-C065-54EC-10FDCA1A4F2A}.Release|Any CPU.ActiveCfg = Release|Any CPU
		{F2408455-2EEB-C065-54EC-10FDCA1A4F2A}.Release|Any CPU.Build.0 = Release|Any CPU
		{A0858F99-97A5-785F-9FF8-A8DCE599294D}.Debug|Any CPU.ActiveCfg = Debug|Any CPU
		{A0858F99-97A5-785F-9FF8-A8DCE599294D}.Debug|Any CPU.Build.0 = Debug|Any CPU
		{A0858F99-97A5-785F-9FF8-A8DCE599294D}.Release|Any CPU.ActiveCfg = Release|Any CPU
		{A0858F99-97A5-785F-9FF8-A8DCE599294D}.Release|Any CPU.Build.0 = Release|Any CPU
		{D914F9C9-117B-6F09-FDF8-6A030DE72974}.Debug|Any CPU.ActiveCfg = Debug|Any CPU
		{D914F9C9-117B-6F09-FDF8-6A030DE72974}.Debug|Any CPU.Build.0 = Debug|Any CPU
		{D914F9C9-117B-6F09-FDF8-6A030DE72974}.Release|Any CPU.ActiveCfg = Release|Any CPU
		{D914F9C9-117B-6F09-FDF8-6A030DE72974}.Release|Any CPU.Build.0 = Release|Any CPU
		{4AD0CDBF-025E-1A65-1E25-05F963EDBD90}.Debug|Any CPU.ActiveCfg = Debug|Any CPU
		{4AD0CDBF-025E-1A65-1E25-05F963EDBD90}.Debug|Any CPU.Build.0 = Debug|Any CPU
		{4AD0CDBF-025E-1A65-1E25-05F963EDBD90}.Release|Any CPU.ActiveCfg = Release|Any CPU
		{4AD0CDBF-025E-1A65-1E25-05F963EDBD90}.Release|Any CPU.Build.0 = Release|Any CPU
		{2588BF2E-585E-5CCB-6522-AD2368D005A9}.Debug|Any CPU.ActiveCfg = Debug|Any CPU
		{2588BF2E-585E-5CCB-6522-AD2368D005A9}.Debug|Any CPU.Build.0 = Debug|Any CPU
		{2588BF2E-585E-5CCB-6522-AD2368D005A9}.Release|Any CPU.ActiveCfg = Release|Any CPU
		{2588BF2E-585E-5CCB-6522-AD2368D005A9}.Release|Any CPU.Build.0 = Release|Any CPU
		{C6656C92-20CC-8B5E-11C8-AFEBB3E15DD4}.Debug|Any CPU.ActiveCfg = Debug|Any CPU
		{C6656C92-20CC-8B5E-11C8-AFEBB3E15DD4}.Debug|Any CPU.Build.0 = Debug|Any CPU
		{C6656C92-20CC-8B5E-11C8-AFEBB3E15DD4}.Release|Any CPU.ActiveCfg = Release|Any CPU
		{C6656C92-20CC-8B5E-11C8-AFEBB3E15DD4}.Release|Any CPU.Build.0 = Release|Any CPU
		{DC745186-2803-46C0-DAD2-346E8BD8A976}.Debug|Any CPU.ActiveCfg = Debug|Any CPU
		{DC745186-2803-46C0-DAD2-346E8BD8A976}.Debug|Any CPU.Build.0 = Debug|Any CPU
		{DC745186-2803-46C0-DAD2-346E8BD8A976}.Release|Any CPU.ActiveCfg = Release|Any CPU
		{DC745186-2803-46C0-DAD2-346E8BD8A976}.Release|Any CPU.Build.0 = Release|Any CPU
		{4E69907D-C5F4-8250-0C58-2BD90997DCE4}.Debug|Any CPU.ActiveCfg = Debug|Any CPU
		{4E69907D-C5F4-8250-0C58-2BD90997DCE4}.Debug|Any CPU.Build.0 = Debug|Any CPU
		{4E69907D-C5F4-8250-0C58-2BD90997DCE4}.Release|Any CPU.ActiveCfg = Release|Any CPU
		{4E69907D-C5F4-8250-0C58-2BD90997DCE4}.Release|Any CPU.Build.0 = Release|Any CPU
		{229D7A59-B234-9633-4F5B-4F0315E8FB78}.Debug|Any CPU.ActiveCfg = Debug|Any CPU
		{229D7A59-B234-9633-4F5B-4F0315E8FB78}.Debug|Any CPU.Build.0 = Debug|Any CPU
		{229D7A59-B234-9633-4F5B-4F0315E8FB78}.Release|Any CPU.ActiveCfg = Release|Any CPU
		{229D7A59-B234-9633-4F5B-4F0315E8FB78}.Release|Any CPU.Build.0 = Release|Any CPU
		{863EC644-9327-9142-11EC-EFDC77CE5E0B}.Debug|Any CPU.ActiveCfg = Debug|Any CPU
		{863EC644-9327-9142-11EC-EFDC77CE5E0B}.Debug|Any CPU.Build.0 = Debug|Any CPU
		{863EC644-9327-9142-11EC-EFDC77CE5E0B}.Release|Any CPU.ActiveCfg = Release|Any CPU
		{863EC644-9327-9142-11EC-EFDC77CE5E0B}.Release|Any CPU.Build.0 = Release|Any CPU
		{187660C6-D12A-0BC8-1929-3C23F03349EC}.Debug|Any CPU.ActiveCfg = Debug|Any CPU
		{187660C6-D12A-0BC8-1929-3C23F03349EC}.Debug|Any CPU.Build.0 = Debug|Any CPU
		{187660C6-D12A-0BC8-1929-3C23F03349EC}.Release|Any CPU.ActiveCfg = Release|Any CPU
		{187660C6-D12A-0BC8-1929-3C23F03349EC}.Release|Any CPU.Build.0 = Release|Any CPU
		{FB77A5EE-7846-BB31-2D74-EDC8BE840DEB}.Debug|Any CPU.ActiveCfg = Debug|Any CPU
		{FB77A5EE-7846-BB31-2D74-EDC8BE840DEB}.Debug|Any CPU.Build.0 = Debug|Any CPU
		{FB77A5EE-7846-BB31-2D74-EDC8BE840DEB}.Release|Any CPU.ActiveCfg = Release|Any CPU
		{FB77A5EE-7846-BB31-2D74-EDC8BE840DEB}.Release|Any CPU.Build.0 = Release|Any CPU
		{587E932A-6515-17F9-28D2-350CECA89B94}.Debug|Any CPU.ActiveCfg = Debug|Any CPU
		{587E932A-6515-17F9-28D2-350CECA89B94}.Debug|Any CPU.Build.0 = Debug|Any CPU
		{587E932A-6515-17F9-28D2-350CECA89B94}.Release|Any CPU.ActiveCfg = Release|Any CPU
		{587E932A-6515-17F9-28D2-350CECA89B94}.Release|Any CPU.Build.0 = Release|Any CPU
		{D6525FE2-E97D-8671-9288-5D9F0513B381}.Debug|Any CPU.ActiveCfg = Debug|Any CPU
		{D6525FE2-E97D-8671-9288-5D9F0513B381}.Debug|Any CPU.Build.0 = Debug|Any CPU
		{D6525FE2-E97D-8671-9288-5D9F0513B381}.Release|Any CPU.ActiveCfg = Release|Any CPU
		{D6525FE2-E97D-8671-9288-5D9F0513B381}.Release|Any CPU.Build.0 = Release|Any CPU
		{62BBD63E-5014-B518-7512-3D25FFDE1CE5}.Debug|Any CPU.ActiveCfg = Debug|Any CPU
		{62BBD63E-5014-B518-7512-3D25FFDE1CE5}.Debug|Any CPU.Build.0 = Debug|Any CPU
		{62BBD63E-5014-B518-7512-3D25FFDE1CE5}.Release|Any CPU.ActiveCfg = Release|Any CPU
		{62BBD63E-5014-B518-7512-3D25FFDE1CE5}.Release|Any CPU.Build.0 = Release|Any CPU
		{AB557609-BF8F-1258-5C9F-92564BA9F8B7}.Debug|Any CPU.ActiveCfg = Debug|Any CPU
		{AB557609-BF8F-1258-5C9F-92564BA9F8B7}.Debug|Any CPU.Build.0 = Debug|Any CPU
		{AB557609-BF8F-1258-5C9F-92564BA9F8B7}.Release|Any CPU.ActiveCfg = Release|Any CPU
		{AB557609-BF8F-1258-5C9F-92564BA9F8B7}.Release|Any CPU.Build.0 = Release|Any CPU
		{06A32524-8CAA-5B1B-7FCD-0D15930D90AD}.Debug|Any CPU.ActiveCfg = Debug|Any CPU
		{06A32524-8CAA-5B1B-7FCD-0D15930D90AD}.Debug|Any CPU.Build.0 = Debug|Any CPU
		{06A32524-8CAA-5B1B-7FCD-0D15930D90AD}.Release|Any CPU.ActiveCfg = Release|Any CPU
		{06A32524-8CAA-5B1B-7FCD-0D15930D90AD}.Release|Any CPU.Build.0 = Release|Any CPU
		{D5BBA8F1-CB1D-B845-8FE8-E9DB8972A23C}.Debug|Any CPU.ActiveCfg = Debug|Any CPU
		{D5BBA8F1-CB1D-B845-8FE8-E9DB8972A23C}.Debug|Any CPU.Build.0 = Debug|Any CPU
		{D5BBA8F1-CB1D-B845-8FE8-E9DB8972A23C}.Release|Any CPU.ActiveCfg = Release|Any CPU
		{D5BBA8F1-CB1D-B845-8FE8-E9DB8972A23C}.Release|Any CPU.Build.0 = Release|Any CPU
		{7213A811-CA85-F5D6-FD3F-1A7D007160C4}.Debug|Any CPU.ActiveCfg = Debug|Any CPU
		{7213A811-CA85-F5D6-FD3F-1A7D007160C4}.Debug|Any CPU.Build.0 = Debug|Any CPU
		{7213A811-CA85-F5D6-FD3F-1A7D007160C4}.Release|Any CPU.ActiveCfg = Release|Any CPU
		{7213A811-CA85-F5D6-FD3F-1A7D007160C4}.Release|Any CPU.Build.0 = Release|Any CPU
		{DAEB0586-BC4C-E86F-41F4-DFC4B333DA8A}.Debug|Any CPU.ActiveCfg = Debug|Any CPU
		{DAEB0586-BC4C-E86F-41F4-DFC4B333DA8A}.Debug|Any CPU.Build.0 = Debug|Any CPU
		{DAEB0586-BC4C-E86F-41F4-DFC4B333DA8A}.Release|Any CPU.ActiveCfg = Release|Any CPU
		{DAEB0586-BC4C-E86F-41F4-DFC4B333DA8A}.Release|Any CPU.Build.0 = Release|Any CPU
		{3709F65C-6FC7-61A5-72C2-853AC5483B87}.Debug|Any CPU.ActiveCfg = Debug|Any CPU
		{3709F65C-6FC7-61A5-72C2-853AC5483B87}.Debug|Any CPU.Build.0 = Debug|Any CPU
		{3709F65C-6FC7-61A5-72C2-853AC5483B87}.Release|Any CPU.ActiveCfg = Release|Any CPU
		{3709F65C-6FC7-61A5-72C2-853AC5483B87}.Release|Any CPU.Build.0 = Release|Any CPU
		{79E7636A-C84C-FD88-F517-C7E6C63DA204}.Debug|Any CPU.ActiveCfg = Debug|Any CPU
		{79E7636A-C84C-FD88-F517-C7E6C63DA204}.Debug|Any CPU.Build.0 = Debug|Any CPU
		{79E7636A-C84C-FD88-F517-C7E6C63DA204}.Release|Any CPU.ActiveCfg = Release|Any CPU
		{79E7636A-C84C-FD88-F517-C7E6C63DA204}.Release|Any CPU.Build.0 = Release|Any CPU
		{C138EA46-5FE6-957C-62F2-525D2F12E6B8}.Debug|Any CPU.ActiveCfg = Debug|Any CPU
		{C138EA46-5FE6-957C-62F2-525D2F12E6B8}.Debug|Any CPU.Build.0 = Debug|Any CPU
		{C138EA46-5FE6-957C-62F2-525D2F12E6B8}.Release|Any CPU.ActiveCfg = Release|Any CPU
		{C138EA46-5FE6-957C-62F2-525D2F12E6B8}.Release|Any CPU.Build.0 = Release|Any CPU
		{F0347FEA-D57A-E9AE-0AE8-E766AF084C2E}.Debug|Any CPU.ActiveCfg = Debug|Any CPU
		{F0347FEA-D57A-E9AE-0AE8-E766AF084C2E}.Debug|Any CPU.Build.0 = Debug|Any CPU
		{F0347FEA-D57A-E9AE-0AE8-E766AF084C2E}.Release|Any CPU.ActiveCfg = Release|Any CPU
		{F0347FEA-D57A-E9AE-0AE8-E766AF084C2E}.Release|Any CPU.Build.0 = Release|Any CPU
		{3C14D5F9-73D3-9336-73E8-022B739B14E7}.Debug|Any CPU.ActiveCfg = Debug|Any CPU
		{3C14D5F9-73D3-9336-73E8-022B739B14E7}.Debug|Any CPU.Build.0 = Debug|Any CPU
		{3C14D5F9-73D3-9336-73E8-022B739B14E7}.Release|Any CPU.ActiveCfg = Release|Any CPU
		{3C14D5F9-73D3-9336-73E8-022B739B14E7}.Release|Any CPU.Build.0 = Release|Any CPU
	EndGlobalSection
	GlobalSection(SolutionProperties) = preSolution
		HideSolutionNode = FALSE
	EndGlobalSection
EndGlobal
